// !$*UTF8*$!
{
	archiveVersion = 1;
	classes = {
	};
	objectVersion = 77;
	objects = {

/* Begin PBXContainerItemProxy section */
		C17D45962D15DDC600DB4CE3 /* PBXContainerItemProxy */ = {
			isa = PBXContainerItemProxy;
			containerPortal = C17D457D2D15DDC400DB4CE3 /* Project object */;
			proxyType = 1;
			remoteGlobalIDString = C17D45842D15DDC400DB4CE3;
			remoteInfo = RepRiteApp;
		};
		C17D45A02D15DDC600DB4CE3 /* PBXContainerItemProxy */ = {
			isa = PBXContainerItemProxy;
			containerPortal = C17D457D2D15DDC400DB4CE3 /* Project object */;
			proxyType = 1;
			remoteGlobalIDString = C17D45842D15DDC400DB4CE3;
			remoteInfo = RepRiteApp;
		};
/* End PBXContainerItemProxy section */

/* Begin PBXFileReference section */
		C17D45852D15DDC400DB4CE3 /* RepRiteApp.app */ = {isa = PBXFileReference; explicitFileType = wrapper.application; includeInIndex = 0; path = RepRiteApp.app; sourceTree = BUILT_PRODUCTS_DIR; };
		C17D45952D15DDC600DB4CE3 /* RepRiteAppTests.xctest */ = {isa = PBXFileReference; explicitFileType = wrapper.cfbundle; includeInIndex = 0; path = RepRiteAppTests.xctest; sourceTree = BUILT_PRODUCTS_DIR; };
		C17D459F2D15DDC600DB4CE3 /* RepRiteAppUITests.xctest */ = {isa = PBXFileReference; explicitFileType = wrapper.cfbundle; includeInIndex = 0; path = RepRiteAppUITests.xctest; sourceTree = BUILT_PRODUCTS_DIR; };
/* End PBXFileReference section */

/* Begin PBXFileSystemSynchronizedRootGroup section */
		C17D45872D15DDC400DB4CE3 /* RepRiteApp */ = {
			isa = PBXFileSystemSynchronizedRootGroup;
			path = RepRiteApp;
			sourceTree = "<group>";
		};
		C17D45982D15DDC600DB4CE3 /* RepRiteAppTests */ = {
			isa = PBXFileSystemSynchronizedRootGroup;
			path = RepRiteAppTests;
			sourceTree = "<group>";
		};
		C17D45A22D15DDC600DB4CE3 /* RepRiteAppUITests */ = {
			isa = PBXFileSystemSynchronizedRootGroup;
			path = RepRiteAppUITests;
			sourceTree = "<group>";
		};
/* End PBXFileSystemSynchronizedRootGroup section */

/* Begin PBXFrameworksBuildPhase section */
		C17D45822D15DDC400DB4CE3 /* Frameworks */ = {
			isa = PBXFrameworksBuildPhase;
			buildActionMask = 2147483647;
			files = (
			);
			runOnlyForDeploymentPostprocessing = 0;
		};
		C17D45922D15DDC600DB4CE3 /* Frameworks */ = {
			isa = PBXFrameworksBuildPhase;
			buildActionMask = 2147483647;
			files = (
			);
			runOnlyForDeploymentPostprocessing = 0;
		};
		C17D459C2D15DDC600DB4CE3 /* Frameworks */ = {
			isa = PBXFrameworksBuildPhase;
			buildActionMask = 2147483647;
			files = (
			);
			runOnlyForDeploymentPostprocessing = 0;
		};
/* End PBXFrameworksBuildPhase section */

/* Begin PBXGroup section */
		C17D457C2D15DDC400DB4CE3 = {
			isa = PBXGroup;
			children = (
				C17D45872D15DDC400DB4CE3 /* RepRiteApp */,
				C17D45982D15DDC600DB4CE3 /* RepRiteAppTests */,
				C17D45A22D15DDC600DB4CE3 /* RepRiteAppUITests */,
				C17D45862D15DDC400DB4CE3 /* Products */,
			);
			sourceTree = "<group>";
		};
		C17D45862D15DDC400DB4CE3 /* Products */ = {
			isa = PBXGroup;
			children = (
				C17D45852D15DDC400DB4CE3 /* RepRiteApp.app */,
				C17D45952D15DDC600DB4CE3 /* RepRiteAppTests.xctest */,
				C17D459F2D15DDC600DB4CE3 /* RepRiteAppUITests.xctest */,
			);
			name = Products;
			sourceTree = "<group>";
		};
/* End PBXGroup section */

/* Begin PBXNativeTarget section */
		C17D45842D15DDC400DB4CE3 /* RepRiteApp */ = {
			isa = PBXNativeTarget;
			buildConfigurationList = C17D45A92D15DDC600DB4CE3 /* Build configuration list for PBXNativeTarget "RepRiteApp" */;
			buildPhases = (
				C17D45812D15DDC400DB4CE3 /* Sources */,
				C17D45822D15DDC400DB4CE3 /* Frameworks */,
				C17D45832D15DDC400DB4CE3 /* Resources */,
			);
			buildRules = (
			);
			dependencies = (
			);
			fileSystemSynchronizedGroups = (
				C17D45872D15DDC400DB4CE3 /* RepRiteApp */,
			);
			name = RepRiteApp;
			packageProductDependencies = (
			);
			productName = RepRiteApp;
			productReference = C17D45852D15DDC400DB4CE3 /* RepRiteApp.app */;
			productType = "com.apple.product-type.application";
		};
		C17D45942D15DDC600DB4CE3 /* RepRiteAppTests */ = {
			isa = PBXNativeTarget;
			buildConfigurationList = C17D45AC2D15DDC600DB4CE3 /* Build configuration list for PBXNativeTarget "RepRiteAppTests" */;
			buildPhases = (
				C17D45912D15DDC600DB4CE3 /* Sources */,
				C17D45922D15DDC600DB4CE3 /* Frameworks */,
				C17D45932D15DDC600DB4CE3 /* Resources */,
			);
			buildRules = (
			);
			dependencies = (
				C17D45972D15DDC600DB4CE3 /* PBXTargetDependency */,
			);
			fileSystemSynchronizedGroups = (
				C17D45982D15DDC600DB4CE3 /* RepRiteAppTests */,
			);
			name = RepRiteAppTests;
			packageProductDependencies = (
			);
			productName = RepRiteAppTests;
			productReference = C17D45952D15DDC600DB4CE3 /* RepRiteAppTests.xctest */;
			productType = "com.apple.product-type.bundle.unit-test";
		};
		C17D459E2D15DDC600DB4CE3 /* RepRiteAppUITests */ = {
			isa = PBXNativeTarget;
			buildConfigurationList = C17D45AF2D15DDC600DB4CE3 /* Build configuration list for PBXNativeTarget "RepRiteAppUITests" */;
			buildPhases = (
				C17D459B2D15DDC600DB4CE3 /* Sources */,
				C17D459C2D15DDC600DB4CE3 /* Frameworks */,
				C17D459D2D15DDC600DB4CE3 /* Resources */,
			);
			buildRules = (
			);
			dependencies = (
				C17D45A12D15DDC600DB4CE3 /* PBXTargetDependency */,
			);
			fileSystemSynchronizedGroups = (
				C17D45A22D15DDC600DB4CE3 /* RepRiteAppUITests */,
			);
			name = RepRiteAppUITests;
			packageProductDependencies = (
			);
			productName = RepRiteAppUITests;
			productReference = C17D459F2D15DDC600DB4CE3 /* RepRiteAppUITests.xctest */;
			productType = "com.apple.product-type.bundle.ui-testing";
		};
/* End PBXNativeTarget section */

/* Begin PBXProject section */
		C17D457D2D15DDC400DB4CE3 /* Project object */ = {
			isa = PBXProject;
			attributes = {
				BuildIndependentTargetsInParallel = 1;
				LastSwiftUpdateCheck = 1610;
				LastUpgradeCheck = 1610;
				TargetAttributes = {
					C17D45842D15DDC400DB4CE3 = {
						CreatedOnToolsVersion = 16.1;
					};
					C17D45942D15DDC600DB4CE3 = {
						CreatedOnToolsVersion = 16.1;
						TestTargetID = C17D45842D15DDC400DB4CE3;
					};
					C17D459E2D15DDC600DB4CE3 = {
						CreatedOnToolsVersion = 16.1;
						TestTargetID = C17D45842D15DDC400DB4CE3;
					};
				};
			};
			buildConfigurationList = C17D45802D15DDC400DB4CE3 /* Build configuration list for PBXProject "RepRiteApp" */;
			developmentRegion = en;
			hasScannedForEncodings = 0;
			knownRegions = (
				en,
				Base,
			);
			mainGroup = C17D457C2D15DDC400DB4CE3;
			minimizedProjectReferenceProxies = 1;
			preferredProjectObjectVersion = 77;
			productRefGroup = C17D45862D15DDC400DB4CE3 /* Products */;
			projectDirPath = "";
			projectRoot = "";
			targets = (
				C17D45842D15DDC400DB4CE3 /* RepRiteApp */,
				C17D45942D15DDC600DB4CE3 /* RepRiteAppTests */,
				C17D459E2D15DDC600DB4CE3 /* RepRiteAppUITests */,
			);
		};
/* End PBXProject section */

/* Begin PBXResourcesBuildPhase section */
		C17D45832D15DDC400DB4CE3 /* Resources */ = {
			isa = PBXResourcesBuildPhase;
			buildActionMask = 2147483647;
			files = (
			);
			runOnlyForDeploymentPostprocessing = 0;
		};
		C17D45932D15DDC600DB4CE3 /* Resources */ = {
			isa = PBXResourcesBuildPhase;
			buildActionMask = 2147483647;
			files = (
			);
			runOnlyForDeploymentPostprocessing = 0;
		};
		C17D459D2D15DDC600DB4CE3 /* Resources */ = {
			isa = PBXResourcesBuildPhase;
			buildActionMask = 2147483647;
			files = (
			);
			runOnlyForDeploymentPostprocessing = 0;
		};
/* End PBXResourcesBuildPhase section */

/* Begin PBXSourcesBuildPhase section */
		C17D45812D15DDC400DB4CE3 /* Sources */ = {
			isa = PBXSourcesBuildPhase;
			buildActionMask = 2147483647;
			files = (
			);
			runOnlyForDeploymentPostprocessing = 0;
		};
		C17D45912D15DDC600DB4CE3 /* Sources */ = {
			isa = PBXSourcesBuildPhase;
			buildActionMask = 2147483647;
			files = (
			);
			runOnlyForDeploymentPostprocessing = 0;
		};
		C17D459B2D15DDC600DB4CE3 /* Sources */ = {
			isa = PBXSourcesBuildPhase;
			buildActionMask = 2147483647;
			files = (
			);
			runOnlyForDeploymentPostprocessing = 0;
		};
/* End PBXSourcesBuildPhase section */

/* Begin PBXTargetDependency section */
		C17D45972D15DDC600DB4CE3 /* PBXTargetDependency */ = {
			isa = PBXTargetDependency;
			target = C17D45842D15DDC400DB4CE3 /* RepRiteApp */;
			targetProxy = C17D45962D15DDC600DB4CE3 /* PBXContainerItemProxy */;
		};
		C17D45A12D15DDC600DB4CE3 /* PBXTargetDependency */ = {
			isa = PBXTargetDependency;
			target = C17D45842D15DDC400DB4CE3 /* RepRiteApp */;
			targetProxy = C17D45A02D15DDC600DB4CE3 /* PBXContainerItemProxy */;
		};
/* End PBXTargetDependency section */

/* Begin XCBuildConfiguration section */
		C17D45A72D15DDC600DB4CE3 /* Debug */ = {
			isa = XCBuildConfiguration;
			buildSettings = {
				ALWAYS_SEARCH_USER_PATHS = NO;
				ASSETCATALOG_COMPILER_GENERATE_SWIFT_ASSET_SYMBOL_EXTENSIONS = YES;
				CLANG_ANALYZER_NONNULL = YES;
				CLANG_ANALYZER_NUMBER_OBJECT_CONVERSION = YES_AGGRESSIVE;
				CLANG_CXX_LANGUAGE_STANDARD = "gnu++20";
				CLANG_ENABLE_MODULES = YES;
				CLANG_ENABLE_OBJC_ARC = YES;
				CLANG_ENABLE_OBJC_WEAK = YES;
				CLANG_WARN_BLOCK_CAPTURE_AUTORELEASING = YES;
				CLANG_WARN_BOOL_CONVERSION = YES;
				CLANG_WARN_COMMA = YES;
				CLANG_WARN_CONSTANT_CONVERSION = YES;
				CLANG_WARN_DEPRECATED_OBJC_IMPLEMENTATIONS = YES;
				CLANG_WARN_DIRECT_OBJC_ISA_USAGE = YES_ERROR;
				CLANG_WARN_DOCUMENTATION_COMMENTS = YES;
				CLANG_WARN_EMPTY_BODY = YES;
				CLANG_WARN_ENUM_CONVERSION = YES;
				CLANG_WARN_INFINITE_RECURSION = YES;
				CLANG_WARN_INT_CONVERSION = YES;
				CLANG_WARN_NON_LITERAL_NULL_CONVERSION = YES;
				CLANG_WARN_OBJC_IMPLICIT_RETAIN_SELF = YES;
				CLANG_WARN_OBJC_LITERAL_CONVERSION = YES;
				CLANG_WARN_OBJC_ROOT_CLASS = YES_ERROR;
				CLANG_WARN_QUOTED_INCLUDE_IN_FRAMEWORK_HEADER = YES;
				CLANG_WARN_RANGE_LOOP_ANALYSIS = YES;
				CLANG_WARN_STRICT_PROTOTYPES = YES;
				CLANG_WARN_SUSPICIOUS_MOVE = YES;
				CLANG_WARN_UNGUARDED_AVAILABILITY = YES_AGGRESSIVE;
				CLANG_WARN_UNREACHABLE_CODE = YES;
				CLANG_WARN__DUPLICATE_METHOD_MATCH = YES;
				COPY_PHASE_STRIP = NO;
				DEBUG_INFORMATION_FORMAT = dwarf;
				ENABLE_STRICT_OBJC_MSGSEND = YES;
				ENABLE_TESTABILITY = YES;
				ENABLE_USER_SCRIPT_SANDBOXING = YES;
				GCC_C_LANGUAGE_STANDARD = gnu17;
				GCC_DYNAMIC_NO_PIC = NO;
				GCC_NO_COMMON_BLOCKS = YES;
				GCC_OPTIMIZATION_LEVEL = 0;
				GCC_PREPROCESSOR_DEFINITIONS = (
					"DEBUG=1",
					"$(inherited)",
				);
				GCC_WARN_64_TO_32_BIT_CONVERSION = YES;
				GCC_WARN_ABOUT_RETURN_TYPE = YES_ERROR;
				GCC_WARN_UNDECLARED_SELECTOR = YES;
				GCC_WARN_UNINITIALIZED_AUTOS = YES_AGGRESSIVE;
				GCC_WARN_UNUSED_FUNCTION = YES;
				GCC_WARN_UNUSED_VARIABLE = YES;
				IPHONEOS_DEPLOYMENT_TARGET = 18.1;
				LOCALIZATION_PREFERS_STRING_CATALOGS = YES;
				MTL_ENABLE_DEBUG_INFO = INCLUDE_SOURCE;
				MTL_FAST_MATH = YES;
				ONLY_ACTIVE_ARCH = YES;
				SDKROOT = iphoneos;
				SWIFT_ACTIVE_COMPILATION_CONDITIONS = "DEBUG $(inherited)";
				SWIFT_OPTIMIZATION_LEVEL = "-Onone";
			};
			name = Debug;
		};
		C17D45A82D15DDC600DB4CE3 /* Release */ = {
			isa = XCBuildConfiguration;
			buildSettings = {
				ALWAYS_SEARCH_USER_PATHS = NO;
				ASSETCATALOG_COMPILER_GENERATE_SWIFT_ASSET_SYMBOL_EXTENSIONS = YES;
				CLANG_ANALYZER_NONNULL = YES;
				CLANG_ANALYZER_NUMBER_OBJECT_CONVERSION = YES_AGGRESSIVE;
				CLANG_CXX_LANGUAGE_STANDARD = "gnu++20";
				CLANG_ENABLE_MODULES = YES;
				CLANG_ENABLE_OBJC_ARC = YES;
				CLANG_ENABLE_OBJC_WEAK = YES;
				CLANG_WARN_BLOCK_CAPTURE_AUTORELEASING = YES;
				CLANG_WARN_BOOL_CONVERSION = YES;
				CLANG_WARN_COMMA = YES;
				CLANG_WARN_CONSTANT_CONVERSION = YES;
				CLANG_WARN_DEPRECATED_OBJC_IMPLEMENTATIONS = YES;
				CLANG_WARN_DIRECT_OBJC_ISA_USAGE = YES_ERROR;
				CLANG_WARN_DOCUMENTATION_COMMENTS = YES;
				CLANG_WARN_EMPTY_BODY = YES;
				CLANG_WARN_ENUM_CONVERSION = YES;
				CLANG_WARN_INFINITE_RECURSION = YES;
				CLANG_WARN_INT_CONVERSION = YES;
				CLANG_WARN_NON_LITERAL_NULL_CONVERSION = YES;
				CLANG_WARN_OBJC_IMPLICIT_RETAIN_SELF = YES;
				CLANG_WARN_OBJC_LITERAL_CONVERSION = YES;
				CLANG_WARN_OBJC_ROOT_CLASS = YES_ERROR;
				CLANG_WARN_QUOTED_INCLUDE_IN_FRAMEWORK_HEADER = YES;
				CLANG_WARN_RANGE_LOOP_ANALYSIS = YES;
				CLANG_WARN_STRICT_PROTOTYPES = YES;
				CLANG_WARN_SUSPICIOUS_MOVE = YES;
				CLANG_WARN_UNGUARDED_AVAILABILITY = YES_AGGRESSIVE;
				CLANG_WARN_UNREACHABLE_CODE = YES;
				CLANG_WARN__DUPLICATE_METHOD_MATCH = YES;
				COPY_PHASE_STRIP = NO;
				DEBUG_INFORMATION_FORMAT = "dwarf-with-dsym";
				ENABLE_NS_ASSERTIONS = NO;
				ENABLE_STRICT_OBJC_MSGSEND = YES;
				ENABLE_USER_SCRIPT_SANDBOXING = YES;
				GCC_C_LANGUAGE_STANDARD = gnu17;
				GCC_NO_COMMON_BLOCKS = YES;
				GCC_WARN_64_TO_32_BIT_CONVERSION = YES;
				GCC_WARN_ABOUT_RETURN_TYPE = YES_ERROR;
				GCC_WARN_UNDECLARED_SELECTOR = YES;
				GCC_WARN_UNINITIALIZED_AUTOS = YES_AGGRESSIVE;
				GCC_WARN_UNUSED_FUNCTION = YES;
				GCC_WARN_UNUSED_VARIABLE = YES;
				IPHONEOS_DEPLOYMENT_TARGET = 18.1;
				LOCALIZATION_PREFERS_STRING_CATALOGS = YES;
				MTL_ENABLE_DEBUG_INFO = NO;
				MTL_FAST_MATH = YES;
				SDKROOT = iphoneos;
				SWIFT_COMPILATION_MODE = wholemodule;
				VALIDATE_PRODUCT = YES;
			};
			name = Release;
		};
		C17D45AA2D15DDC600DB4CE3 /* Debug */ = {
			isa = XCBuildConfiguration;
			buildSettings = {
				ASSETCATALOG_COMPILER_APPICON_NAME = AppIcon;
				ASSETCATALOG_COMPILER_GLOBAL_ACCENT_COLOR_NAME = AccentColor;
				CODE_SIGN_STYLE = Automatic;
				CURRENT_PROJECT_VERSION = 1;
				DEVELOPMENT_ASSET_PATHS = "\"RepRiteApp/Preview Content\"";
				DEVELOPMENT_TEAM = VTJ697TH2U;
				ENABLE_PREVIEWS = YES;
				GENERATE_INFOPLIST_FILE = YES;
				INFOPLIST_KEY_UIApplicationSceneManifest_Generation = YES;
				INFOPLIST_KEY_UIApplicationSupportsIndirectInputEvents = YES;
				INFOPLIST_KEY_UILaunchScreen_Generation = YES;
				INFOPLIST_KEY_UISupportedInterfaceOrientations_iPad = "UIInterfaceOrientationPortrait UIInterfaceOrientationPortraitUpsideDown UIInterfaceOrientationLandscapeLeft UIInterfaceOrientationLandscapeRight";
				INFOPLIST_KEY_UISupportedInterfaceOrientations_iPhone = "UIInterfaceOrientationPortrait UIInterfaceOrientationLandscapeLeft UIInterfaceOrientationLandscapeRight";
				LD_RUNPATH_SEARCH_PATHS = (
					"$(inherited)",
					"@executable_path/Frameworks",
				);
				MARKETING_VERSION = 1.0;
				PRODUCT_BUNDLE_IDENTIFIER = os.LorenzoLucchini.RepRiteApp;
				PRODUCT_NAME = "$(TARGET_NAME)";
				SWIFT_EMIT_LOC_STRINGS = YES;
				SWIFT_VERSION = 5.0;
				TARGETED_DEVICE_FAMILY = "1,2";
			};
			name = Debug;
		};
		C17D45AB2D15DDC600DB4CE3 /* Release */ = {
			isa = XCBuildConfiguration;
			buildSettings = {
				ASSETCATALOG_COMPILER_APPICON_NAME = AppIcon;
				ASSETCATALOG_COMPILER_GLOBAL_ACCENT_COLOR_NAME = AccentColor;
				CODE_SIGN_STYLE = Automatic;
				CURRENT_PROJECT_VERSION = 1;
				DEVELOPMENT_ASSET_PATHS = "\"RepRiteApp/Preview Content\"";
				DEVELOPMENT_TEAM = VTJ697TH2U;
				ENABLE_PREVIEWS = YES;
				GENERATE_INFOPLIST_FILE = YES;
				INFOPLIST_KEY_UIApplicationSceneManifest_Generation = YES;
				INFOPLIST_KEY_UIApplicationSupportsIndirectInputEvents = YES;
				INFOPLIST_KEY_UILaunchScreen_Generation = YES;
				INFOPLIST_KEY_UISupportedInterfaceOrientations_iPad = "UIInterfaceOrientationPortrait UIInterfaceOrientationPortraitUpsideDown UIInterfaceOrientationLandscapeLeft UIInterfaceOrientationLandscapeRight";
				INFOPLIST_KEY_UISupportedInterfaceOrientations_iPhone = "UIInterfaceOrientationPortrait UIInterfaceOrientationLandscapeLeft UIInterfaceOrientationLandscapeRight";
				LD_RUNPATH_SEARCH_PATHS = (
					"$(inherited)",
					"@executable_path/Frameworks",
				);
				MARKETING_VERSION = 1.0;
				PRODUCT_BUNDLE_IDENTIFIER = os.LorenzoLucchini.RepRiteApp;
				PRODUCT_NAME = "$(TARGET_NAME)";
				SWIFT_EMIT_LOC_STRINGS = YES;
				SWIFT_VERSION = 5.0;
				TARGETED_DEVICE_FAMILY = "1,2";
			};
			name = Release;
		};
		C17D45AD2D15DDC600DB4CE3 /* Debug */ = {
			isa = XCBuildConfiguration;
			buildSettings = {
				BUNDLE_LOADER = "$(TEST_HOST)";
				CODE_SIGN_STYLE = Automatic;
				CURRENT_PROJECT_VERSION = 1;
				DEVELOPMENT_TEAM = VTJ697TH2U;
				GENERATE_INFOPLIST_FILE = YES;
				IPHONEOS_DEPLOYMENT_TARGET = 18.1;
				MARKETING_VERSION = 1.0;
				PRODUCT_BUNDLE_IDENTIFIER = os.LorenzoLucchini.RepRiteAppTests;
				PRODUCT_NAME = "$(TARGET_NAME)";
				SWIFT_EMIT_LOC_STRINGS = NO;
				SWIFT_VERSION = 5.0;
				TARGETED_DEVICE_FAMILY = "1,2";
				TEST_HOST = "$(BUILT_PRODUCTS_DIR)/RepRiteApp.app/$(BUNDLE_EXECUTABLE_FOLDER_PATH)/RepRiteApp";
			};
			name = Debug;
		};
		C17D45AE2D15DDC600DB4CE3 /* Release */ = {
			isa = XCBuildConfiguration;
			buildSettings = {
				BUNDLE_LOADER = "$(TEST_HOST)";
				CODE_SIGN_STYLE = Automatic;
				CURRENT_PROJECT_VERSION = 1;
				DEVELOPMENT_TEAM = VTJ697TH2U;
				GENERATE_INFOPLIST_FILE = YES;
				IPHONEOS_DEPLOYMENT_TARGET = 18.1;
				MARKETING_VERSION = 1.0;
				PRODUCT_BUNDLE_IDENTIFIER = os.LorenzoLucchini.RepRiteAppTests;
				PRODUCT_NAME = "$(TARGET_NAME)";
				SWIFT_EMIT_LOC_STRINGS = NO;
				SWIFT_VERSION = 5.0;
				TARGETED_DEVICE_FAMILY = "1,2";
				TEST_HOST = "$(BUILT_PRODUCTS_DIR)/RepRiteApp.app/$(BUNDLE_EXECUTABLE_FOLDER_PATH)/RepRiteApp";
			};
			name = Release;
		};
		C17D45B02D15DDC600DB4CE3 /* Debug */ = {
			isa = XCBuildConfiguration;
			buildSettings = {
				CODE_SIGN_STYLE = Automatic;
				CURRENT_PROJECT_VERSION = 1;
				DEVELOPMENT_TEAM = VTJ697TH2U;
				GENERATE_INFOPLIST_FILE = YES;
				MARKETING_VERSION = 1.0;
				PRODUCT_BUNDLE_IDENTIFIER = os.LorenzoLucchini.RepRiteAppUITests;
				PRODUCT_NAME = "$(TARGET_NAME)";
				SWIFT_EMIT_LOC_STRINGS = NO;
				SWIFT_VERSION = 5.0;
				TARGETED_DEVICE_FAMILY = "1,2";
				TEST_TARGET_NAME = RepRiteApp;
			};
			name = Debug;
		};
		C17D45B12D15DDC600DB4CE3 /* Release */ = {
			isa = XCBuildConfiguration;
			buildSettings = {
				CODE_SIGN_STYLE = Automatic;
				CURRENT_PROJECT_VERSION = 1;
				DEVELOPMENT_TEAM = VTJ697TH2U;
				GENERATE_INFOPLIST_FILE = YES;
				MARKETING_VERSION = 1.0;
				PRODUCT_BUNDLE_IDENTIFIER = os.LorenzoLucchini.RepRiteAppUITests;
				PRODUCT_NAME = "$(TARGET_NAME)";
				SWIFT_EMIT_LOC_STRINGS = NO;
				SWIFT_VERSION = 5.0;
				TARGETED_DEVICE_FAMILY = "1,2";
				TEST_TARGET_NAME = RepRiteApp;
			};
			name = Release;
		};
/* End XCBuildConfiguration section */

/* Begin XCConfigurationList section */
		C17D45802D15DDC400DB4CE3 /* Build configuration list for PBXProject "RepRiteApp" */ = {
			isa = XCConfigurationList;
			buildConfigurations = (
				C17D45A72D15DDC600DB4CE3 /* Debug */,
				C17D45A82D15DDC600DB4CE3 /* Release */,
			);
			defaultConfigurationIsVisible = 0;
			defaultConfigurationName = Release;
		};
		C17D45A92D15DDC600DB4CE3 /* Build configuration list for PBXNativeTarget "RepRiteApp" */ = {
			isa = XCConfigurationList;
			buildConfigurations = (
				C17D45AA2D15DDC600DB4CE3 /* Debug */,
				C17D45AB2D15DDC600DB4CE3 /* Release */,
			);
			defaultConfigurationIsVisible = 0;
			defaultConfigurationName = Release;
		};
		C17D45AC2D15DDC600DB4CE3 /* Build configuration list for PBXNativeTarget "RepRiteAppTests" */ = {
			isa = XCConfigurationList;
			buildConfigurations = (
				C17D45AD2D15DDC600DB4CE3 /* Debug */,
				C17D45AE2D15DDC600DB4CE3 /* Release */,
			);
			defaultConfigurationIsVisible = 0;
			defaultConfigurationName = Release;
		};
		C17D45AF2D15DDC600DB4CE3 /* Build configuration list for PBXNativeTarget "RepRiteAppUITests" */ = {
			isa = XCConfigurationList;
			buildConfigurations = (
				C17D45B02D15DDC600DB4CE3 /* Debug */,
				C17D45B12D15DDC600DB4CE3 /* Release */,
			);
			defaultConfigurationIsVisible = 0;
			defaultConfigurationName = Release;
		};
/* End XCConfigurationList section */
	};
	rootObject = C17D457D2D15DDC400DB4CE3 /* Project object */;
}
