// !$*UTF8*$!
{
	archiveVersion = 1;
	classes = {
	};
	objectVersion = 77;
	objects = {

/* Begin PBXBuildFile section */
		C10AC57C2D25557600756521 /* GoogleSignIn in Frameworks */ = {isa = PBXBuildFile; productRef = C10AC57B2D25557600756521 /* GoogleSignIn */; };
		C10AC57E2D25557600756521 /* GoogleSignInSwift in Frameworks */ = {isa = PBXBuildFile; productRef = C10AC57D2D25557600756521 /* GoogleSignInSwift */; };
		C10AC5802D25557E00756521 /* FirebaseAnalytics in Frameworks */ = {isa = PBXBuildFile; productRef = C10AC57F2D25557E00756521 /* FirebaseAnalytics */; };
		C10AC5822D25557E00756521 /* FirebaseAnalyticsOnDeviceConversion in Frameworks */ = {isa = PBXBuildFile; productRef = C10AC5812D25557E00756521 /* FirebaseAnalyticsOnDeviceConversion */; };
		C10AC5842D25557E00756521 /* FirebaseAnalyticsWithoutAdIdSupport in Frameworks */ = {isa = PBXBuildFile; productRef = C10AC5832D25557E00756521 /* FirebaseAnalyticsWithoutAdIdSupport */; };
		C10AC5862D25557E00756521 /* FirebaseAppCheck in Frameworks */ = {isa = PBXBuildFile; productRef = C10AC5852D25557E00756521 /* FirebaseAppCheck */; };
		C10AC5882D25557E00756521 /* FirebaseAppDistribution-Beta in Frameworks */ = {isa = PBXBuildFile; productRef = C10AC5872D25557E00756521 /* FirebaseAppDistribution-Beta */; };
		C10AC58A2D25557E00756521 /* FirebaseAuth in Frameworks */ = {isa = PBXBuildFile; productRef = C10AC5892D25557E00756521 /* FirebaseAuth */; };
		C10AC58C2D25557E00756521 /* FirebaseAuthCombine-Community in Frameworks */ = {isa = PBXBuildFile; productRef = C10AC58B2D25557E00756521 /* FirebaseAuthCombine-Community */; };
		C10AC58E2D25557E00756521 /* FirebaseCore in Frameworks */ = {isa = PBXBuildFile; productRef = C10AC58D2D25557E00756521 /* FirebaseCore */; };
		C10AC5902D25557E00756521 /* FirebaseCrashlytics in Frameworks */ = {isa = PBXBuildFile; productRef = C10AC58F2D25557E00756521 /* FirebaseCrashlytics */; };
		C10AC5922D25557E00756521 /* FirebaseDatabase in Frameworks */ = {isa = PBXBuildFile; productRef = C10AC5912D25557E00756521 /* FirebaseDatabase */; };
		C10AC5942D25557E00756521 /* FirebaseDynamicLinks in Frameworks */ = {isa = PBXBuildFile; productRef = C10AC5932D25557E00756521 /* FirebaseDynamicLinks */; };
		C10AC5962D25557E00756521 /* FirebaseFirestore in Frameworks */ = {isa = PBXBuildFile; productRef = C10AC5952D25557E00756521 /* FirebaseFirestore */; };
		C10AC5982D25557E00756521 /* FirebaseFirestoreCombine-Community in Frameworks */ = {isa = PBXBuildFile; productRef = C10AC5972D25557E00756521 /* FirebaseFirestoreCombine-Community */; };
		C10AC59A2D25557E00756521 /* FirebaseFunctions in Frameworks */ = {isa = PBXBuildFile; productRef = C10AC5992D25557E00756521 /* FirebaseFunctions */; };
		C10AC59C2D25557E00756521 /* FirebaseFunctionsCombine-Community in Frameworks */ = {isa = PBXBuildFile; productRef = C10AC59B2D25557E00756521 /* FirebaseFunctionsCombine-Community */; };
		C10AC59E2D25557E00756521 /* FirebaseInAppMessaging-Beta in Frameworks */ = {isa = PBXBuildFile; productRef = C10AC59D2D25557E00756521 /* FirebaseInAppMessaging-Beta */; };
		C10AC5A02D25557E00756521 /* FirebaseInstallations in Frameworks */ = {isa = PBXBuildFile; productRef = C10AC59F2D25557E00756521 /* FirebaseInstallations */; };
		C10AC5A22D25557E00756521 /* FirebaseMessaging in Frameworks */ = {isa = PBXBuildFile; productRef = C10AC5A12D25557E00756521 /* FirebaseMessaging */; };
		C10AC5A42D25557E00756521 /* FirebaseMLModelDownloader in Frameworks */ = {isa = PBXBuildFile; productRef = C10AC5A32D25557E00756521 /* FirebaseMLModelDownloader */; };
		C10AC5A62D25557E00756521 /* FirebasePerformance in Frameworks */ = {isa = PBXBuildFile; productRef = C10AC5A52D25557E00756521 /* FirebasePerformance */; };
		C10AC5A82D25557E00756521 /* FirebaseRemoteConfig in Frameworks */ = {isa = PBXBuildFile; productRef = C10AC5A72D25557E00756521 /* FirebaseRemoteConfig */; };
		C10AC5AA2D25557E00756521 /* FirebaseStorage in Frameworks */ = {isa = PBXBuildFile; productRef = C10AC5A92D25557E00756521 /* FirebaseStorage */; };
		C10AC5AC2D25557E00756521 /* FirebaseStorageCombine-Community in Frameworks */ = {isa = PBXBuildFile; productRef = C10AC5AB2D25557E00756521 /* FirebaseStorageCombine-Community */; };
		C10AC5AE2D25557E00756521 /* FirebaseVertexAI in Frameworks */ = {isa = PBXBuildFile; productRef = C10AC5AD2D25557E00756521 /* FirebaseVertexAI */; };
		C10AC6942D2704EB00756521 /* PolarBleSdk in Frameworks */ = {isa = PBXBuildFile; productRef = C10AC6932D2704EB00756521 /* PolarBleSdk */; };
		C10AC6B62D27084C00756521 /* Zip in Frameworks */ = {isa = PBXBuildFile; productRef = C10AC6B52D27084C00756521 /* Zip */; };
		C10AC6B92D2709C200756521 /* Alamofire in Frameworks */ = {isa = PBXBuildFile; productRef = C10AC6B82D2709C200756521 /* Alamofire */; };
		C17D45C42D15DE9900DB4CE3 /* RepRiteAuthUser+CoreDataProperties.swift in Sources */ = {isa = PBXBuildFile; fileRef = C17D45C32D15DE9900DB4CE3 /* RepRiteAuthUser+CoreDataProperties.swift */; };
		C17D45C52D15DE9900DB4CE3 /* RepRiteAuthUser+CoreDataClass.swift in Sources */ = {isa = PBXBuildFile; fileRef = C17D45C22D15DE9900DB4CE3 /* RepRiteAuthUser+CoreDataClass.swift */; };
/* End PBXBuildFile section */

/* Begin PBXContainerItemProxy section */
		C17D45962D15DDC600DB4CE3 /* PBXContainerItemProxy */ = {
			isa = PBXContainerItemProxy;
			containerPortal = C17D457D2D15DDC400DB4CE3 /* Project object */;
			proxyType = 1;
			remoteGlobalIDString = C17D45842D15DDC400DB4CE3;
			remoteInfo = RepRiteApp;
		};
		C17D45A02D15DDC600DB4CE3 /* PBXContainerItemProxy */ = {
			isa = PBXContainerItemProxy;
			containerPortal = C17D457D2D15DDC400DB4CE3 /* Project object */;
			proxyType = 1;
			remoteGlobalIDString = C17D45842D15DDC400DB4CE3;
			remoteInfo = RepRiteApp;
		};
/* End PBXContainerItemProxy section */

/* Begin PBXCopyFilesBuildPhase section */
		C10AC6BD2D2709C200756521 /* Embed Frameworks */ = {
			isa = PBXCopyFilesBuildPhase;
			buildActionMask = 2147483647;
			dstPath = "";
			dstSubfolderSpec = 10;
			files = (
			);
			name = "Embed Frameworks";
			runOnlyForDeploymentPostprocessing = 0;
		};
/* End PBXCopyFilesBuildPhase section */

/* Begin PBXFileReference section */
		C17D45852D15DDC400DB4CE3 /* RepRiteApp.app */ = {isa = PBXFileReference; explicitFileType = wrapper.application; includeInIndex = 0; path = RepRiteApp.app; sourceTree = BUILT_PRODUCTS_DIR; };
		C17D45952D15DDC600DB4CE3 /* RepRiteAppTests.xctest */ = {isa = PBXFileReference; explicitFileType = wrapper.cfbundle; includeInIndex = 0; path = RepRiteAppTests.xctest; sourceTree = BUILT_PRODUCTS_DIR; };
		C17D459F2D15DDC600DB4CE3 /* RepRiteAppUITests.xctest */ = {isa = PBXFileReference; explicitFileType = wrapper.cfbundle; includeInIndex = 0; path = RepRiteAppUITests.xctest; sourceTree = BUILT_PRODUCTS_DIR; };
		C17D45C22D15DE9900DB4CE3 /* RepRiteAuthUser+CoreDataClass.swift */ = {isa = PBXFileReference; lastKnownFileType = sourcecode.swift; name = "RepRiteAuthUser+CoreDataClass.swift"; path = "RepRiteApp/Models/RepRiteAuthUser+CoreDataClass.swift"; sourceTree = "<group>"; };
		C17D45C32D15DE9900DB4CE3 /* RepRiteAuthUser+CoreDataProperties.swift */ = {isa = PBXFileReference; lastKnownFileType = sourcecode.swift; name = "RepRiteAuthUser+CoreDataProperties.swift"; path = "RepRiteApp/Models/RepRiteAuthUser+CoreDataProperties.swift"; sourceTree = "<group>"; };
/* End PBXFileReference section */

/* Begin PBXFileSystemSynchronizedBuildFileExceptionSet section */
		C10AC4CD2D21CA4200756521 /* Exceptions for "RepRiteApp" folder in "RepRiteApp" target */ = {
			isa = PBXFileSystemSynchronizedBuildFileExceptionSet;
			membershipExceptions = (
				Info.plist,
			);
			target = C17D45842D15DDC400DB4CE3 /* RepRiteApp */;
		};
/* End PBXFileSystemSynchronizedBuildFileExceptionSet section */

/* Begin PBXFileSystemSynchronizedRootGroup section */
		C17D45872D15DDC400DB4CE3 /* RepRiteApp */ = {
			isa = PBXFileSystemSynchronizedRootGroup;
			exceptions = (
				C10AC4CD2D21CA4200756521 /* Exceptions for "RepRiteApp" folder in "RepRiteApp" target */,
			);
			path = RepRiteApp;
			sourceTree = "<group>";
		};
/* End PBXFileSystemSynchronizedRootGroup section */

/* Begin PBXFrameworksBuildPhase section */
		C17D45822D15DDC400DB4CE3 /* Frameworks */ = {
			isa = PBXFrameworksBuildPhase;
			buildActionMask = 2147483647;
			files = (
				C10AC5A62D25557E00756521 /* FirebasePerformance in Frameworks */,
				C10AC5882D25557E00756521 /* FirebaseAppDistribution-Beta in Frameworks */,
				C10AC59C2D25557E00756521 /* FirebaseFunctionsCombine-Community in Frameworks */,
				C10AC58C2D25557E00756521 /* FirebaseAuthCombine-Community in Frameworks */,
				C10AC6942D2704EB00756521 /* PolarBleSdk in Frameworks */,
				C10AC57C2D25557600756521 /* GoogleSignIn in Frameworks */,
				C10AC5AA2D25557E00756521 /* FirebaseStorage in Frameworks */,
				C10AC5982D25557E00756521 /* FirebaseFirestoreCombine-Community in Frameworks */,
				C10AC5842D25557E00756521 /* FirebaseAnalyticsWithoutAdIdSupport in Frameworks */,
				C10AC5A42D25557E00756521 /* FirebaseMLModelDownloader in Frameworks */,
				C10AC57E2D25557600756521 /* GoogleSignInSwift in Frameworks */,
				C10AC5902D25557E00756521 /* FirebaseCrashlytics in Frameworks */,
				C10AC5AE2D25557E00756521 /* FirebaseVertexAI in Frameworks */,
				C10AC5A02D25557E00756521 /* FirebaseInstallations in Frameworks */,
				C10AC6B62D27084C00756521 /* Zip in Frameworks */,
				C10AC5922D25557E00756521 /* FirebaseDatabase in Frameworks */,
				C10AC5802D25557E00756521 /* FirebaseAnalytics in Frameworks */,
				C10AC58E2D25557E00756521 /* FirebaseCore in Frameworks */,
				C10AC5A22D25557E00756521 /* FirebaseMessaging in Frameworks */,
				C10AC59E2D25557E00756521 /* FirebaseInAppMessaging-Beta in Frameworks */,
				C10AC5862D25557E00756521 /* FirebaseAppCheck in Frameworks */,
				C10AC6B92D2709C200756521 /* Alamofire in Frameworks */,
				C10AC59A2D25557E00756521 /* FirebaseFunctions in Frameworks */,
				C10AC5A82D25557E00756521 /* FirebaseRemoteConfig in Frameworks */,
				C10AC5822D25557E00756521 /* FirebaseAnalyticsOnDeviceConversion in Frameworks */,
				C10AC58A2D25557E00756521 /* FirebaseAuth in Frameworks */,
				C10AC5AC2D25557E00756521 /* FirebaseStorageCombine-Community in Frameworks */,
				C10AC5942D25557E00756521 /* FirebaseDynamicLinks in Frameworks */,
				C10AC5962D25557E00756521 /* FirebaseFirestore in Frameworks */,
			);
			runOnlyForDeploymentPostprocessing = 0;
		};
		C17D45922D15DDC600DB4CE3 /* Frameworks */ = {
			isa = PBXFrameworksBuildPhase;
			buildActionMask = 2147483647;
			files = (
			);
			runOnlyForDeploymentPostprocessing = 0;
		};
		C17D459C2D15DDC600DB4CE3 /* Frameworks */ = {
			isa = PBXFrameworksBuildPhase;
			buildActionMask = 2147483647;
			files = (
			);
			runOnlyForDeploymentPostprocessing = 0;
		};
/* End PBXFrameworksBuildPhase section */

/* Begin PBXGroup section */
		C10AC57A2D25557600756521 /* Frameworks */ = {
			isa = PBXGroup;
			children = (
			);
			name = Frameworks;
			sourceTree = "<group>";
		};
		C17D457C2D15DDC400DB4CE3 = {
			isa = PBXGroup;
			children = (
				C17D45C22D15DE9900DB4CE3 /* RepRiteAuthUser+CoreDataClass.swift */,
				C17D45C32D15DE9900DB4CE3 /* RepRiteAuthUser+CoreDataProperties.swift */,
				C17D45872D15DDC400DB4CE3 /* RepRiteApp */,
				C17D45862D15DDC400DB4CE3 /* Products */,
				C10AC57A2D25557600756521 /* Frameworks */,
			);
			sourceTree = "<group>";
		};
		C17D45862D15DDC400DB4CE3 /* Products */ = {
			isa = PBXGroup;
			children = (
				C17D45852D15DDC400DB4CE3 /* RepRiteApp.app */,
				C17D45952D15DDC600DB4CE3 /* RepRiteAppTests.xctest */,
				C17D459F2D15DDC600DB4CE3 /* RepRiteAppUITests.xctest */,
			);
			name = Products;
			sourceTree = "<group>";
		};
/* End PBXGroup section */

/* Begin PBXNativeTarget section */
		C17D45842D15DDC400DB4CE3 /* RepRiteApp */ = {
			isa = PBXNativeTarget;
			buildConfigurationList = C17D45A92D15DDC600DB4CE3 /* Build configuration list for PBXNativeTarget "RepRiteApp" */;
			buildPhases = (
				C17D45812D15DDC400DB4CE3 /* Sources */,
				C17D45822D15DDC400DB4CE3 /* Frameworks */,
				C17D45832D15DDC400DB4CE3 /* Resources */,
				C10AC6BD2D2709C200756521 /* Embed Frameworks */,
			);
			buildRules = (
			);
			dependencies = (
			);
			fileSystemSynchronizedGroups = (
				C17D45872D15DDC400DB4CE3 /* RepRiteApp */,
			);
			name = RepRiteApp;
			packageProductDependencies = (
				C10AC57B2D25557600756521 /* GoogleSignIn */,
				C10AC57D2D25557600756521 /* GoogleSignInSwift */,
				C10AC57F2D25557E00756521 /* FirebaseAnalytics */,
				C10AC5812D25557E00756521 /* FirebaseAnalyticsOnDeviceConversion */,
				C10AC5832D25557E00756521 /* FirebaseAnalyticsWithoutAdIdSupport */,
				C10AC5852D25557E00756521 /* FirebaseAppCheck */,
				C10AC5872D25557E00756521 /* FirebaseAppDistribution-Beta */,
				C10AC5892D25557E00756521 /* FirebaseAuth */,
				C10AC58B2D25557E00756521 /* FirebaseAuthCombine-Community */,
				C10AC58D2D25557E00756521 /* FirebaseCore */,
				C10AC58F2D25557E00756521 /* FirebaseCrashlytics */,
				C10AC5912D25557E00756521 /* FirebaseDatabase */,
				C10AC5932D25557E00756521 /* FirebaseDynamicLinks */,
				C10AC5952D25557E00756521 /* FirebaseFirestore */,
				C10AC5972D25557E00756521 /* FirebaseFirestoreCombine-Community */,
				C10AC5992D25557E00756521 /* FirebaseFunctions */,
				C10AC59B2D25557E00756521 /* FirebaseFunctionsCombine-Community */,
				C10AC59D2D25557E00756521 /* FirebaseInAppMessaging-Beta */,
				C10AC59F2D25557E00756521 /* FirebaseInstallations */,
				C10AC5A12D25557E00756521 /* FirebaseMessaging */,
				C10AC5A32D25557E00756521 /* FirebaseMLModelDownloader */,
				C10AC5A52D25557E00756521 /* FirebasePerformance */,
				C10AC5A72D25557E00756521 /* FirebaseRemoteConfig */,
				C10AC5A92D25557E00756521 /* FirebaseStorage */,
				C10AC5AB2D25557E00756521 /* FirebaseStorageCombine-Community */,
				C10AC5AD2D25557E00756521 /* FirebaseVertexAI */,
				C10AC6932D2704EB00756521 /* PolarBleSdk */,
				C10AC6B52D27084C00756521 /* Zip */,
				C10AC6B82D2709C200756521 /* Alamofire */,
			);
			productName = RepRiteApp;
			productReference = C17D45852D15DDC400DB4CE3 /* RepRiteApp.app */;
			productType = "com.apple.product-type.application";
		};
		C17D45942D15DDC600DB4CE3 /* RepRiteAppTests */ = {
			isa = PBXNativeTarget;
			buildConfigurationList = C17D45AC2D15DDC600DB4CE3 /* Build configuration list for PBXNativeTarget "RepRiteAppTests" */;
			buildPhases = (
				C17D45912D15DDC600DB4CE3 /* Sources */,
				C17D45922D15DDC600DB4CE3 /* Frameworks */,
				C17D45932D15DDC600DB4CE3 /* Resources */,
			);
			buildRules = (
			);
			dependencies = (
				C17D45972D15DDC600DB4CE3 /* PBXTargetDependency */,
			);
			name = RepRiteAppTests;
			packageProductDependencies = (
			);
			productName = RepRiteAppTests;
			productReference = C17D45952D15DDC600DB4CE3 /* RepRiteAppTests.xctest */;
			productType = "com.apple.product-type.bundle.unit-test";
		};
		C17D459E2D15DDC600DB4CE3 /* RepRiteAppUITests */ = {
			isa = PBXNativeTarget;
			buildConfigurationList = C17D45AF2D15DDC600DB4CE3 /* Build configuration list for PBXNativeTarget "RepRiteAppUITests" */;
			buildPhases = (
				C17D459B2D15DDC600DB4CE3 /* Sources */,
				C17D459C2D15DDC600DB4CE3 /* Frameworks */,
				C17D459D2D15DDC600DB4CE3 /* Resources */,
			);
			buildRules = (
			);
			dependencies = (
				C17D45A12D15DDC600DB4CE3 /* PBXTargetDependency */,
			);
			name = RepRiteAppUITests;
			packageProductDependencies = (
			);
			productName = RepRiteAppUITests;
			productReference = C17D459F2D15DDC600DB4CE3 /* RepRiteAppUITests.xctest */;
			productType = "com.apple.product-type.bundle.ui-testing";
		};
/* End PBXNativeTarget section */

/* Begin PBXProject section */
		C17D457D2D15DDC400DB4CE3 /* Project object */ = {
			isa = PBXProject;
			attributes = {
				BuildIndependentTargetsInParallel = 1;
				KnownAssetTags = (
					New,
				);
				LastSwiftUpdateCheck = 1610;
				LastUpgradeCheck = 1610;
				TargetAttributes = {
					C17D45842D15DDC400DB4CE3 = {
						CreatedOnToolsVersion = 16.1;
					};
					C17D45942D15DDC600DB4CE3 = {
						CreatedOnToolsVersion = 16.1;
						TestTargetID = C17D45842D15DDC400DB4CE3;
					};
					C17D459E2D15DDC600DB4CE3 = {
						CreatedOnToolsVersion = 16.1;
						TestTargetID = C17D45842D15DDC400DB4CE3;
					};
				};
			};
			buildConfigurationList = C17D45802D15DDC400DB4CE3 /* Build configuration list for PBXProject "RepRiteApp" */;
			developmentRegion = en;
			hasScannedForEncodings = 0;
			knownRegions = (
				en,
				Base,
			);
			mainGroup = C17D457C2D15DDC400DB4CE3;
			minimizedProjectReferenceProxies = 1;
			packageReferences = (
				C10AC4DB2D21EA2800756521 /* XCRemoteSwiftPackageReference "firebase-ios-sdk" */,
				C10AC5462D25538C00756521 /* XCRemoteSwiftPackageReference "GoogleSignIn-iOS" */,
				C10AC6902D2703B200756521 /* XCRemoteSwiftPackageReference "polar-ble-sdk" */,
				C10AC6B42D27083D00756521 /* XCRemoteSwiftPackageReference "Zip" */,
				C10AC6B72D2709B600756521 /* XCRemoteSwiftPackageReference "Alamofire" */,
			);
			preferredProjectObjectVersion = 77;
			productRefGroup = C17D45862D15DDC400DB4CE3 /* Products */;
			projectDirPath = "";
			projectRoot = "";
			targets = (
				C17D45842D15DDC400DB4CE3 /* RepRiteApp */,
				C17D45942D15DDC600DB4CE3 /* RepRiteAppTests */,
				C17D459E2D15DDC600DB4CE3 /* RepRiteAppUITests */,
			);
		};
/* End PBXProject section */

/* Begin PBXResourcesBuildPhase section */
		C17D45832D15DDC400DB4CE3 /* Resources */ = {
			isa = PBXResourcesBuildPhase;
			buildActionMask = 2147483647;
			files = (
			);
			runOnlyForDeploymentPostprocessing = 0;
		};
		C17D45932D15DDC600DB4CE3 /* Resources */ = {
			isa = PBXResourcesBuildPhase;
			buildActionMask = 2147483647;
			files = (
			);
			runOnlyForDeploymentPostprocessing = 0;
		};
		C17D459D2D15DDC600DB4CE3 /* Resources */ = {
			isa = PBXResourcesBuildPhase;
			buildActionMask = 2147483647;
			files = (
			);
			runOnlyForDeploymentPostprocessing = 0;
		};
/* End PBXResourcesBuildPhase section */

/* Begin PBXSourcesBuildPhase section */
		C17D45812D15DDC400DB4CE3 /* Sources */ = {
			isa = PBXSourcesBuildPhase;
			buildActionMask = 2147483647;
			files = (
				C17D45C42D15DE9900DB4CE3 /* RepRiteAuthUser+CoreDataProperties.swift in Sources */,
				C17D45C52D15DE9900DB4CE3 /* RepRiteAuthUser+CoreDataClass.swift in Sources */,
			);
			runOnlyForDeploymentPostprocessing = 0;
		};
		C17D45912D15DDC600DB4CE3 /* Sources */ = {
			isa = PBXSourcesBuildPhase;
			buildActionMask = 2147483647;
			files = (
			);
			runOnlyForDeploymentPostprocessing = 0;
		};
		C17D459B2D15DDC600DB4CE3 /* Sources */ = {
			isa = PBXSourcesBuildPhase;
			buildActionMask = 2147483647;
			files = (
			);
			runOnlyForDeploymentPostprocessing = 0;
		};
/* End PBXSourcesBuildPhase section */

/* Begin PBXTargetDependency section */
		C17D45972D15DDC600DB4CE3 /* PBXTargetDependency */ = {
			isa = PBXTargetDependency;
			target = C17D45842D15DDC400DB4CE3 /* RepRiteApp */;
			targetProxy = C17D45962D15DDC600DB4CE3 /* PBXContainerItemProxy */;
		};
		C17D45A12D15DDC600DB4CE3 /* PBXTargetDependency */ = {
			isa = PBXTargetDependency;
			target = C17D45842D15DDC400DB4CE3 /* RepRiteApp */;
			targetProxy = C17D45A02D15DDC600DB4CE3 /* PBXContainerItemProxy */;
		};
/* End PBXTargetDependency section */

/* Begin XCBuildConfiguration section */
		C17D45A72D15DDC600DB4CE3 /* Debug */ = {
			isa = XCBuildConfiguration;
			buildSettings = {
				ALWAYS_SEARCH_USER_PATHS = NO;
				ASSETCATALOG_COMPILER_GENERATE_SWIFT_ASSET_SYMBOL_EXTENSIONS = YES;
				CLANG_ANALYZER_NONNULL = YES;
				CLANG_ANALYZER_NUMBER_OBJECT_CONVERSION = YES_AGGRESSIVE;
				CLANG_CXX_LANGUAGE_STANDARD = "gnu++20";
				CLANG_ENABLE_MODULES = YES;
				CLANG_ENABLE_OBJC_ARC = YES;
				CLANG_ENABLE_OBJC_WEAK = YES;
				CLANG_WARN_BLOCK_CAPTURE_AUTORELEASING = YES;
				CLANG_WARN_BOOL_CONVERSION = YES;
				CLANG_WARN_COMMA = YES;
				CLANG_WARN_CONSTANT_CONVERSION = YES;
				CLANG_WARN_DEPRECATED_OBJC_IMPLEMENTATIONS = YES;
				CLANG_WARN_DIRECT_OBJC_ISA_USAGE = YES_ERROR;
				CLANG_WARN_DOCUMENTATION_COMMENTS = YES;
				CLANG_WARN_EMPTY_BODY = YES;
				CLANG_WARN_ENUM_CONVERSION = YES;
				CLANG_WARN_INFINITE_RECURSION = YES;
				CLANG_WARN_INT_CONVERSION = YES;
				CLANG_WARN_NON_LITERAL_NULL_CONVERSION = YES;
				CLANG_WARN_OBJC_IMPLICIT_RETAIN_SELF = YES;
				CLANG_WARN_OBJC_LITERAL_CONVERSION = YES;
				CLANG_WARN_OBJC_ROOT_CLASS = YES_ERROR;
				CLANG_WARN_QUOTED_INCLUDE_IN_FRAMEWORK_HEADER = YES;
				CLANG_WARN_RANGE_LOOP_ANALYSIS = YES;
				CLANG_WARN_STRICT_PROTOTYPES = YES;
				CLANG_WARN_SUSPICIOUS_MOVE = YES;
				CLANG_WARN_UNGUARDED_AVAILABILITY = YES_AGGRESSIVE;
				CLANG_WARN_UNREACHABLE_CODE = YES;
				CLANG_WARN__DUPLICATE_METHOD_MATCH = YES;
				COPY_PHASE_STRIP = NO;
				DEBUG_INFORMATION_FORMAT = dwarf;
				ENABLE_STRICT_OBJC_MSGSEND = YES;
				ENABLE_TESTABILITY = YES;
				ENABLE_USER_SCRIPT_SANDBOXING = YES;
				GCC_C_LANGUAGE_STANDARD = gnu17;
				GCC_DYNAMIC_NO_PIC = NO;
				GCC_NO_COMMON_BLOCKS = YES;
				GCC_OPTIMIZATION_LEVEL = 0;
				GCC_PREPROCESSOR_DEFINITIONS = (
					"DEBUG=1",
					"$(inherited)",
				);
				GCC_WARN_64_TO_32_BIT_CONVERSION = YES;
				GCC_WARN_ABOUT_RETURN_TYPE = YES_ERROR;
				GCC_WARN_UNDECLARED_SELECTOR = YES;
				GCC_WARN_UNINITIALIZED_AUTOS = YES_AGGRESSIVE;
				GCC_WARN_UNUSED_FUNCTION = YES;
				GCC_WARN_UNUSED_VARIABLE = YES;
				INFOPLIST_KEY_NSBluetoothAlwaysUsageDescription = NSBluetoothAlwaysUsageDescription;
				IPHONEOS_DEPLOYMENT_TARGET = 18.1;
				LOCALIZATION_PREFERS_STRING_CATALOGS = YES;
				MTL_ENABLE_DEBUG_INFO = INCLUDE_SOURCE;
				MTL_FAST_MATH = YES;
				ONLY_ACTIVE_ARCH = YES;
				SDKROOT = iphoneos;
				SWIFT_ACTIVE_COMPILATION_CONDITIONS = "DEBUG $(inherited)";
				SWIFT_OPTIMIZATION_LEVEL = "-Onone";
			};
			name = Debug;
		};
		C17D45A82D15DDC600DB4CE3 /* Release */ = {
			isa = XCBuildConfiguration;
			buildSettings = {
				ALWAYS_SEARCH_USER_PATHS = NO;
				ASSETCATALOG_COMPILER_GENERATE_SWIFT_ASSET_SYMBOL_EXTENSIONS = YES;
				CLANG_ANALYZER_NONNULL = YES;
				CLANG_ANALYZER_NUMBER_OBJECT_CONVERSION = YES_AGGRESSIVE;
				CLANG_CXX_LANGUAGE_STANDARD = "gnu++20";
				CLANG_ENABLE_MODULES = YES;
				CLANG_ENABLE_OBJC_ARC = YES;
				CLANG_ENABLE_OBJC_WEAK = YES;
				CLANG_WARN_BLOCK_CAPTURE_AUTORELEASING = YES;
				CLANG_WARN_BOOL_CONVERSION = YES;
				CLANG_WARN_COMMA = YES;
				CLANG_WARN_CONSTANT_CONVERSION = YES;
				CLANG_WARN_DEPRECATED_OBJC_IMPLEMENTATIONS = YES;
				CLANG_WARN_DIRECT_OBJC_ISA_USAGE = YES_ERROR;
				CLANG_WARN_DOCUMENTATION_COMMENTS = YES;
				CLANG_WARN_EMPTY_BODY = YES;
				CLANG_WARN_ENUM_CONVERSION = YES;
				CLANG_WARN_INFINITE_RECURSION = YES;
				CLANG_WARN_INT_CONVERSION = YES;
				CLANG_WARN_NON_LITERAL_NULL_CONVERSION = YES;
				CLANG_WARN_OBJC_IMPLICIT_RETAIN_SELF = YES;
				CLANG_WARN_OBJC_LITERAL_CONVERSION = YES;
				CLANG_WARN_OBJC_ROOT_CLASS = YES_ERROR;
				CLANG_WARN_QUOTED_INCLUDE_IN_FRAMEWORK_HEADER = YES;
				CLANG_WARN_RANGE_LOOP_ANALYSIS = YES;
				CLANG_WARN_STRICT_PROTOTYPES = YES;
				CLANG_WARN_SUSPICIOUS_MOVE = YES;
				CLANG_WARN_UNGUARDED_AVAILABILITY = YES_AGGRESSIVE;
				CLANG_WARN_UNREACHABLE_CODE = YES;
				CLANG_WARN__DUPLICATE_METHOD_MATCH = YES;
				COPY_PHASE_STRIP = NO;
				DEBUG_INFORMATION_FORMAT = "dwarf-with-dsym";
				ENABLE_NS_ASSERTIONS = NO;
				ENABLE_STRICT_OBJC_MSGSEND = YES;
				ENABLE_USER_SCRIPT_SANDBOXING = YES;
				GCC_C_LANGUAGE_STANDARD = gnu17;
				GCC_NO_COMMON_BLOCKS = YES;
				GCC_WARN_64_TO_32_BIT_CONVERSION = YES;
				GCC_WARN_ABOUT_RETURN_TYPE = YES_ERROR;
				GCC_WARN_UNDECLARED_SELECTOR = YES;
				GCC_WARN_UNINITIALIZED_AUTOS = YES_AGGRESSIVE;
				GCC_WARN_UNUSED_FUNCTION = YES;
				GCC_WARN_UNUSED_VARIABLE = YES;
				INFOPLIST_KEY_NSBluetoothAlwaysUsageDescription = NSBluetoothAlwaysUsageDescription;
				IPHONEOS_DEPLOYMENT_TARGET = 18.1;
				LOCALIZATION_PREFERS_STRING_CATALOGS = YES;
				MTL_ENABLE_DEBUG_INFO = NO;
				MTL_FAST_MATH = YES;
				SDKROOT = iphoneos;
				SWIFT_COMPILATION_MODE = wholemodule;
				VALIDATE_PRODUCT = YES;
			};
			name = Release;
		};
		C17D45AA2D15DDC600DB4CE3 /* Debug */ = {
			isa = XCBuildConfiguration;
			buildSettings = {
				ASSETCATALOG_COMPILER_APPICON_NAME = AppIcon;
				ASSETCATALOG_COMPILER_GLOBAL_ACCENT_COLOR_NAME = AccentColor;
				CODE_SIGN_STYLE = Automatic;
				CURRENT_PROJECT_VERSION = 1;
				DEVELOPMENT_ASSET_PATHS = "\"RepRiteApp/Views\"";
				DEVELOPMENT_TEAM = VTJ697TH2U;
				ENABLE_PREVIEWS = YES;
				GENERATE_INFOPLIST_FILE = YES;
				INFOPLIST_FILE = RepRiteApp/Info.plist;
				INFOPLIST_KEY_UIApplicationSceneManifest_Generation = YES;
				INFOPLIST_KEY_UIApplicationSupportsIndirectInputEvents = YES;
				INFOPLIST_KEY_UILaunchScreen_Generation = YES;
				INFOPLIST_KEY_UISupportedInterfaceOrientations_iPad = "UIInterfaceOrientationPortrait UIInterfaceOrientationPortraitUpsideDown UIInterfaceOrientationLandscapeLeft UIInterfaceOrientationLandscapeRight";
				INFOPLIST_KEY_UISupportedInterfaceOrientations_iPhone = "UIInterfaceOrientationPortrait UIInterfaceOrientationLandscapeLeft UIInterfaceOrientationLandscapeRight";
				IPHONEOS_DEPLOYMENT_TARGET = 16.6;
				LD_RUNPATH_SEARCH_PATHS = (
					"$(inherited)",
					"@executable_path/Frameworks",
				);
				MARKETING_VERSION = 1.0;
				PRODUCT_BUNDLE_IDENTIFIER = os.LorenzoLucchini.RepRiteApp;
				PRODUCT_NAME = "$(TARGET_NAME)";
				SWIFT_EMIT_LOC_STRINGS = YES;
				SWIFT_VERSION = 5.0;
				TARGETED_DEVICE_FAMILY = "1,2";
			};
			name = Debug;
		};
		C17D45AB2D15DDC600DB4CE3 /* Release */ = {
			isa = XCBuildConfiguration;
			buildSettings = {
				ASSETCATALOG_COMPILER_APPICON_NAME = AppIcon;
				ASSETCATALOG_COMPILER_GLOBAL_ACCENT_COLOR_NAME = AccentColor;
				CODE_SIGN_STYLE = Automatic;
				CURRENT_PROJECT_VERSION = 1;
				DEVELOPMENT_ASSET_PATHS = "\"RepRiteApp/Views\"";
				DEVELOPMENT_TEAM = VTJ697TH2U;
				ENABLE_PREVIEWS = YES;
				GENERATE_INFOPLIST_FILE = YES;
				INFOPLIST_FILE = RepRiteApp/Info.plist;
				INFOPLIST_KEY_UIApplicationSceneManifest_Generation = YES;
				INFOPLIST_KEY_UIApplicationSupportsIndirectInputEvents = YES;
				INFOPLIST_KEY_UILaunchScreen_Generation = YES;
				INFOPLIST_KEY_UISupportedInterfaceOrientations_iPad = "UIInterfaceOrientationPortrait UIInterfaceOrientationPortraitUpsideDown UIInterfaceOrientationLandscapeLeft UIInterfaceOrientationLandscapeRight";
				INFOPLIST_KEY_UISupportedInterfaceOrientations_iPhone = "UIInterfaceOrientationPortrait UIInterfaceOrientationLandscapeLeft UIInterfaceOrientationLandscapeRight";
				IPHONEOS_DEPLOYMENT_TARGET = 16.6;
				LD_RUNPATH_SEARCH_PATHS = (
					"$(inherited)",
					"@executable_path/Frameworks",
				);
				MARKETING_VERSION = 1.0;
				PRODUCT_BUNDLE_IDENTIFIER = os.LorenzoLucchini.RepRiteApp;
				PRODUCT_NAME = "$(TARGET_NAME)";
				SWIFT_EMIT_LOC_STRINGS = YES;
				SWIFT_VERSION = 5.0;
				TARGETED_DEVICE_FAMILY = "1,2";
			};
			name = Release;
		};
		C17D45AD2D15DDC600DB4CE3 /* Debug */ = {
			isa = XCBuildConfiguration;
			buildSettings = {
				BUNDLE_LOADER = "$(TEST_HOST)";
				CODE_SIGN_STYLE = Automatic;
				CURRENT_PROJECT_VERSION = 1;
				DEVELOPMENT_TEAM = VTJ697TH2U;
				GENERATE_INFOPLIST_FILE = YES;
				IPHONEOS_DEPLOYMENT_TARGET = 18.1;
				MARKETING_VERSION = 1.0;
				PRODUCT_BUNDLE_IDENTIFIER = os.LorenzoLucchini.RepRiteAppTests;
				PRODUCT_NAME = "$(TARGET_NAME)";
				SWIFT_EMIT_LOC_STRINGS = NO;
				SWIFT_VERSION = 5.0;
				TARGETED_DEVICE_FAMILY = "1,2";
				TEST_HOST = "$(BUILT_PRODUCTS_DIR)/RepRiteApp.app/$(BUNDLE_EXECUTABLE_FOLDER_PATH)/RepRiteApp";
			};
			name = Debug;
		};
		C17D45AE2D15DDC600DB4CE3 /* Release */ = {
			isa = XCBuildConfiguration;
			buildSettings = {
				BUNDLE_LOADER = "$(TEST_HOST)";
				CODE_SIGN_STYLE = Automatic;
				CURRENT_PROJECT_VERSION = 1;
				DEVELOPMENT_TEAM = VTJ697TH2U;
				GENERATE_INFOPLIST_FILE = YES;
				IPHONEOS_DEPLOYMENT_TARGET = 18.1;
				MARKETING_VERSION = 1.0;
				PRODUCT_BUNDLE_IDENTIFIER = os.LorenzoLucchini.RepRiteAppTests;
				PRODUCT_NAME = "$(TARGET_NAME)";
				SWIFT_EMIT_LOC_STRINGS = NO;
				SWIFT_VERSION = 5.0;
				TARGETED_DEVICE_FAMILY = "1,2";
				TEST_HOST = "$(BUILT_PRODUCTS_DIR)/RepRiteApp.app/$(BUNDLE_EXECUTABLE_FOLDER_PATH)/RepRiteApp";
			};
			name = Release;
		};
		C17D45B02D15DDC600DB4CE3 /* Debug */ = {
			isa = XCBuildConfiguration;
			buildSettings = {
				CODE_SIGN_STYLE = Automatic;
				CURRENT_PROJECT_VERSION = 1;
				DEVELOPMENT_TEAM = VTJ697TH2U;
				GENERATE_INFOPLIST_FILE = YES;
				MARKETING_VERSION = 1.0;
				PRODUCT_BUNDLE_IDENTIFIER = os.LorenzoLucchini.RepRiteAppUITests;
				PRODUCT_NAME = "$(TARGET_NAME)";
				SWIFT_EMIT_LOC_STRINGS = NO;
				SWIFT_VERSION = 5.0;
				TARGETED_DEVICE_FAMILY = "1,2";
				TEST_TARGET_NAME = RepRiteApp;
			};
			name = Debug;
		};
		C17D45B12D15DDC600DB4CE3 /* Release */ = {
			isa = XCBuildConfiguration;
			buildSettings = {
				CODE_SIGN_STYLE = Automatic;
				CURRENT_PROJECT_VERSION = 1;
				DEVELOPMENT_TEAM = VTJ697TH2U;
				GENERATE_INFOPLIST_FILE = YES;
				MARKETING_VERSION = 1.0;
				PRODUCT_BUNDLE_IDENTIFIER = os.LorenzoLucchini.RepRiteAppUITests;
				PRODUCT_NAME = "$(TARGET_NAME)";
				SWIFT_EMIT_LOC_STRINGS = NO;
				SWIFT_VERSION = 5.0;
				TARGETED_DEVICE_FAMILY = "1,2";
				TEST_TARGET_NAME = RepRiteApp;
			};
			name = Release;
		};
/* End XCBuildConfiguration section */

/* Begin XCConfigurationList section */
		C17D45802D15DDC400DB4CE3 /* Build configuration list for PBXProject "RepRiteApp" */ = {
			isa = XCConfigurationList;
			buildConfigurations = (
				C17D45A72D15DDC600DB4CE3 /* Debug */,
				C17D45A82D15DDC600DB4CE3 /* Release */,
			);
			defaultConfigurationIsVisible = 0;
			defaultConfigurationName = Release;
		};
		C17D45A92D15DDC600DB4CE3 /* Build configuration list for PBXNativeTarget "RepRiteApp" */ = {
			isa = XCConfigurationList;
			buildConfigurations = (
				C17D45AA2D15DDC600DB4CE3 /* Debug */,
				C17D45AB2D15DDC600DB4CE3 /* Release */,
			);
			defaultConfigurationIsVisible = 0;
			defaultConfigurationName = Release;
		};
		C17D45AC2D15DDC600DB4CE3 /* Build configuration list for PBXNativeTarget "RepRiteAppTests" */ = {
			isa = XCConfigurationList;
			buildConfigurations = (
				C17D45AD2D15DDC600DB4CE3 /* Debug */,
				C17D45AE2D15DDC600DB4CE3 /* Release */,
			);
			defaultConfigurationIsVisible = 0;
			defaultConfigurationName = Release;
		};
		C17D45AF2D15DDC600DB4CE3 /* Build configuration list for PBXNativeTarget "RepRiteAppUITests" */ = {
			isa = XCConfigurationList;
			buildConfigurations = (
				C17D45B02D15DDC600DB4CE3 /* Debug */,
				C17D45B12D15DDC600DB4CE3 /* Release */,
			);
			defaultConfigurationIsVisible = 0;
			defaultConfigurationName = Release;
		};
/* End XCConfigurationList section */

/* Begin XCRemoteSwiftPackageReference section */
		C10AC4DB2D21EA2800756521 /* XCRemoteSwiftPackageReference "firebase-ios-sdk" */ = {
			isa = XCRemoteSwiftPackageReference;
			repositoryURL = "https://github.com/firebase/firebase-ios-sdk";
			requirement = {
				kind = upToNextMajorVersion;
				minimumVersion = 11.6.0;
			};
		};
		C10AC5462D25538C00756521 /* XCRemoteSwiftPackageReference "GoogleSignIn-iOS" */ = {
			isa = XCRemoteSwiftPackageReference;
			repositoryURL = "https://github.com/google/GoogleSignIn-iOS.git";
			requirement = {
				kind = upToNextMajorVersion;
				minimumVersion = 8.0.0;
			};
		};
		C10AC6902D2703B200756521 /* XCRemoteSwiftPackageReference "polar-ble-sdk" */ = {
			isa = XCRemoteSwiftPackageReference;
			repositoryURL = "https://github.com/polarofficial/polar-ble-sdk.git";
			requirement = {
				kind = upToNextMajorVersion;
				minimumVersion = 5.10.0;
			};
		};
		C10AC6B42D27083D00756521 /* XCRemoteSwiftPackageReference "Zip" */ = {
			isa = XCRemoteSwiftPackageReference;
			repositoryURL = "https://github.com/marmelroy/Zip.git";
			requirement = {
				kind = upToNextMajorVersion;
				minimumVersion = 2.1.2;
			};
		};
		C10AC6B72D2709B600756521 /* XCRemoteSwiftPackageReference "Alamofire" */ = {
			isa = XCRemoteSwiftPackageReference;
			repositoryURL = "https://github.com/Alamofire/Alamofire.git";
			requirement = {
				kind = upToNextMajorVersion;
				minimumVersion = 5.10.2;
			};
		};
/* End XCRemoteSwiftPackageReference section */

/* Begin XCSwiftPackageProductDependency section */
		C10AC57B2D25557600756521 /* GoogleSignIn */ = {
			isa = XCSwiftPackageProductDependency;
			package = C10AC5462D25538C00756521 /* XCRemoteSwiftPackageReference "GoogleSignIn-iOS" */;
			productName = GoogleSignIn;
		};
		C10AC57D2D25557600756521 /* GoogleSignInSwift */ = {
			isa = XCSwiftPackageProductDependency;
			package = C10AC5462D25538C00756521 /* XCRemoteSwiftPackageReference "GoogleSignIn-iOS" */;
			productName = GoogleSignInSwift;
		};
		C10AC57F2D25557E00756521 /* FirebaseAnalytics */ = {
			isa = XCSwiftPackageProductDependency;
			package = C10AC4DB2D21EA2800756521 /* XCRemoteSwiftPackageReference "firebase-ios-sdk" */;
			productName = FirebaseAnalytics;
		};
		C10AC5812D25557E00756521 /* FirebaseAnalyticsOnDeviceConversion */ = {
			isa = XCSwiftPackageProductDependency;
			package = C10AC4DB2D21EA2800756521 /* XCRemoteSwiftPackageReference "firebase-ios-sdk" */;
			productName = FirebaseAnalyticsOnDeviceConversion;
		};
		C10AC5832D25557E00756521 /* FirebaseAnalyticsWithoutAdIdSupport */ = {
			isa = XCSwiftPackageProductDependency;
			package = C10AC4DB2D21EA2800756521 /* XCRemoteSwiftPackageReference "firebase-ios-sdk" */;
			productName = FirebaseAnalyticsWithoutAdIdSupport;
		};
		C10AC5852D25557E00756521 /* FirebaseAppCheck */ = {
			isa = XCSwiftPackageProductDependency;
			package = C10AC4DB2D21EA2800756521 /* XCRemoteSwiftPackageReference "firebase-ios-sdk" */;
			productName = FirebaseAppCheck;
		};
		C10AC5872D25557E00756521 /* FirebaseAppDistribution-Beta */ = {
			isa = XCSwiftPackageProductDependency;
			package = C10AC4DB2D21EA2800756521 /* XCRemoteSwiftPackageReference "firebase-ios-sdk" */;
			productName = "FirebaseAppDistribution-Beta";
		};
		C10AC5892D25557E00756521 /* FirebaseAuth */ = {
			isa = XCSwiftPackageProductDependency;
			package = C10AC4DB2D21EA2800756521 /* XCRemoteSwiftPackageReference "firebase-ios-sdk" */;
			productName = FirebaseAuth;
		};
		C10AC58B2D25557E00756521 /* FirebaseAuthCombine-Community */ = {
			isa = XCSwiftPackageProductDependency;
			package = C10AC4DB2D21EA2800756521 /* XCRemoteSwiftPackageReference "firebase-ios-sdk" */;
			productName = "FirebaseAuthCombine-Community";
		};
		C10AC58D2D25557E00756521 /* FirebaseCore */ = {
			isa = XCSwiftPackageProductDependency;
			package = C10AC4DB2D21EA2800756521 /* XCRemoteSwiftPackageReference "firebase-ios-sdk" */;
			productName = FirebaseCore;
		};
		C10AC58F2D25557E00756521 /* FirebaseCrashlytics */ = {
			isa = XCSwiftPackageProductDependency;
			package = C10AC4DB2D21EA2800756521 /* XCRemoteSwiftPackageReference "firebase-ios-sdk" */;
			productName = FirebaseCrashlytics;
		};
		C10AC5912D25557E00756521 /* FirebaseDatabase */ = {
			isa = XCSwiftPackageProductDependency;
			package = C10AC4DB2D21EA2800756521 /* XCRemoteSwiftPackageReference "firebase-ios-sdk" */;
			productName = FirebaseDatabase;
		};
		C10AC5932D25557E00756521 /* FirebaseDynamicLinks */ = {
			isa = XCSwiftPackageProductDependency;
			package = C10AC4DB2D21EA2800756521 /* XCRemoteSwiftPackageReference "firebase-ios-sdk" */;
			productName = FirebaseDynamicLinks;
		};
		C10AC5952D25557E00756521 /* FirebaseFirestore */ = {
			isa = XCSwiftPackageProductDependency;
			package = C10AC4DB2D21EA2800756521 /* XCRemoteSwiftPackageReference "firebase-ios-sdk" */;
			productName = FirebaseFirestore;
		};
		C10AC5972D25557E00756521 /* FirebaseFirestoreCombine-Community */ = {
			isa = XCSwiftPackageProductDependency;
			package = C10AC4DB2D21EA2800756521 /* XCRemoteSwiftPackageReference "firebase-ios-sdk" */;
			productName = "FirebaseFirestoreCombine-Community";
		};
		C10AC5992D25557E00756521 /* FirebaseFunctions */ = {
			isa = XCSwiftPackageProductDependency;
			package = C10AC4DB2D21EA2800756521 /* XCRemoteSwiftPackageReference "firebase-ios-sdk" */;
			productName = FirebaseFunctions;
		};
		C10AC59B2D25557E00756521 /* FirebaseFunctionsCombine-Community */ = {
			isa = XCSwiftPackageProductDependency;
			package = C10AC4DB2D21EA2800756521 /* XCRemoteSwiftPackageReference "firebase-ios-sdk" */;
			productName = "FirebaseFunctionsCombine-Community";
		};
		C10AC59D2D25557E00756521 /* FirebaseInAppMessaging-Beta */ = {
			isa = XCSwiftPackageProductDependency;
			package = C10AC4DB2D21EA2800756521 /* XCRemoteSwiftPackageReference "firebase-ios-sdk" */;
			productName = "FirebaseInAppMessaging-Beta";
		};
		C10AC59F2D25557E00756521 /* FirebaseInstallations */ = {
			isa = XCSwiftPackageProductDependency;
			package = C10AC4DB2D21EA2800756521 /* XCRemoteSwiftPackageReference "firebase-ios-sdk" */;
			productName = FirebaseInstallations;
		};
		C10AC5A12D25557E00756521 /* FirebaseMessaging */ = {
			isa = XCSwiftPackageProductDependency;
			package = C10AC4DB2D21EA2800756521 /* XCRemoteSwiftPackageReference "firebase-ios-sdk" */;
			productName = FirebaseMessaging;
		};
		C10AC5A32D25557E00756521 /* FirebaseMLModelDownloader */ = {
			isa = XCSwiftPackageProductDependency;
			package = C10AC4DB2D21EA2800756521 /* XCRemoteSwiftPackageReference "firebase-ios-sdk" */;
			productName = FirebaseMLModelDownloader;
		};
		C10AC5A52D25557E00756521 /* FirebasePerformance */ = {
			isa = XCSwiftPackageProductDependency;
			package = C10AC4DB2D21EA2800756521 /* XCRemoteSwiftPackageReference "firebase-ios-sdk" */;
			productName = FirebasePerformance;
		};
		C10AC5A72D25557E00756521 /* FirebaseRemoteConfig */ = {
			isa = XCSwiftPackageProductDependency;
			package = C10AC4DB2D21EA2800756521 /* XCRemoteSwiftPackageReference "firebase-ios-sdk" */;
			productName = FirebaseRemoteConfig;
		};
		C10AC5A92D25557E00756521 /* FirebaseStorage */ = {
			isa = XCSwiftPackageProductDependency;
			package = C10AC4DB2D21EA2800756521 /* XCRemoteSwiftPackageReference "firebase-ios-sdk" */;
			productName = FirebaseStorage;
		};
		C10AC5AB2D25557E00756521 /* FirebaseStorageCombine-Community */ = {
			isa = XCSwiftPackageProductDependency;
			package = C10AC4DB2D21EA2800756521 /* XCRemoteSwiftPackageReference "firebase-ios-sdk" */;
			productName = "FirebaseStorageCombine-Community";
		};
		C10AC5AD2D25557E00756521 /* FirebaseVertexAI */ = {
			isa = XCSwiftPackageProductDependency;
			package = C10AC4DB2D21EA2800756521 /* XCRemoteSwiftPackageReference "firebase-ios-sdk" */;
			productName = FirebaseVertexAI;
		};
		C10AC6932D2704EB00756521 /* PolarBleSdk */ = {
			isa = XCSwiftPackageProductDependency;
			package = C10AC6902D2703B200756521 /* XCRemoteSwiftPackageReference "polar-ble-sdk" */;
			productName = PolarBleSdk;
		};
		C10AC6B52D27084C00756521 /* Zip */ = {
			isa = XCSwiftPackageProductDependency;
			package = C10AC6B42D27083D00756521 /* XCRemoteSwiftPackageReference "Zip" */;
			productName = Zip;
		};
		C10AC6B82D2709C200756521 /* Alamofire */ = {
			isa = XCSwiftPackageProductDependency;
			package = C10AC6B72D2709B600756521 /* XCRemoteSwiftPackageReference "Alamofire" */;
			productName = Alamofire;
		};
/* End XCSwiftPackageProductDependency section */
	};
	rootObject = C17D457D2D15DDC400DB4CE3 /* Project object */;
}
